{
    "version": 3,
    "terraform_version": "0.11.7",
    "serial": 3,
    "lineage": "e90bbaa7-d00b-bdb1-ec31-f4b0589b9eac",
    "modules": [
        {
            "path": [
                "root"
            ],
            "outputs": {
                "ecs-instance-role-name": {
                    "sensitive": false,
                    "type": "string",
                    "value": "ecs-instance-role"
                },
                "ecs-load-balancer-name": {
                    "sensitive": false,
                    "type": "string",
                    "value": "ecs-load-balancer"
                },
                "ecs-service-role-arn": {
                    "sensitive": false,
                    "type": "string",
                    "value": "arn:aws:iam::231787882062:role/ecs-service-role"
                },
                "ecs-target-group-arn": {
                    "sensitive": false,
                    "type": "string",
                    "value": "arn:aws:elasticloadbalancing:us-east-1:231787882062:targetgroup/ecs-target-group/33bd527802e212ae"
                },
                "region": {
                    "sensitive": false,
                    "type": "string",
                    "value": "us-east-1"
                },
                "test_public_sg_id": {
                    "sensitive": false,
                    "type": "string",
                    "value": "sg-050c1c923e33cb638"
                },
                "test_public_sn_02_id": {
                    "sensitive": false,
                    "type": "string",
                    "value": "subnet-0ddb0506e2ef66390"
                },
                "test_vpc_id": {
                    "sensitive": false,
                    "type": "string",
                    "value": "vpc-05c8bfe8b2dfe433e"
                }
            },
            "resources": {
                "aws_alb_target_group.ecs-target-group": {
                    "type": "aws_alb_target_group",
                    "depends_on": [
                        "aws_vpc.test_vpc"
                    ],
                    "primary": {
                        "id": "arn:aws:elasticloadbalancing:us-east-1:231787882062:targetgroup/ecs-target-group/33bd527802e212ae",
                        "attributes": {
                            "arn": "arn:aws:elasticloadbalancing:us-east-1:231787882062:targetgroup/ecs-target-group/33bd527802e212ae",
                            "arn_suffix": "targetgroup/ecs-target-group/33bd527802e212ae",
                            "deregistration_delay": "300",
                            "health_check.#": "1",
                            "health_check.0.healthy_threshold": "5",
                            "health_check.0.interval": "30",
                            "health_check.0.matcher": "200",
                            "health_check.0.path": "/",
                            "health_check.0.port": "traffic-port",
                            "health_check.0.protocol": "HTTP",
                            "health_check.0.timeout": "5",
                            "health_check.0.unhealthy_threshold": "2",
                            "id": "arn:aws:elasticloadbalancing:us-east-1:231787882062:targetgroup/ecs-target-group/33bd527802e212ae",
                            "name": "ecs-target-group",
                            "port": "80",
                            "protocol": "HTTP",
                            "proxy_protocol_v2": "false",
                            "slow_start": "0",
                            "stickiness.#": "1",
                            "stickiness.0.cookie_duration": "86400",
                            "stickiness.0.enabled": "false",
                            "stickiness.0.type": "lb_cookie",
                            "tags.%": "1",
                            "tags.Name": "ecs-target-group",
                            "target_type": "instance",
                            "vpc_id": "vpc-05c8bfe8b2dfe433e"
                        },
                        "meta": {},
                        "tainted": false
                    },
                    "deposed": [],
                    "provider": "provider.aws"
                },
                "aws_ecs_cluster.test-ecs-cluster": {
                    "type": "aws_ecs_cluster",
                    "depends_on": [],
                    "primary": {
                        "id": "arn:aws:ecs:us-east-1:231787882062:cluster/ECS_CLUSTER",
                        "attributes": {
                            "arn": "arn:aws:ecs:us-east-1:231787882062:cluster/ECS_CLUSTER",
                            "id": "arn:aws:ecs:us-east-1:231787882062:cluster/ECS_CLUSTER",
                            "name": "ECS_CLUSTER"
                        },
                        "meta": {},
                        "tainted": false
                    },
                    "deposed": [],
                    "provider": "provider.aws"
                },
                "aws_ecs_task_definition.star-app": {
                    "type": "aws_ecs_task_definition",
                    "depends_on": [
                        "aws_ecs_task_definition.star-app"
                    ],
                    "primary": {
                        "id": "hello_world",
                        "attributes": {
                            "arn": "arn:aws:ecs:us-east-1:231787882062:task-definition/hello_world:1",
                            "container_definitions": "[{\"cpu\":10,\"environment\":[],\"essential\":true,\"image\":\"star-app\",\"links\":[\"mysql\"],\"memory\":500,\"mountPoints\":[],\"name\":\"star-app\",\"portMappings\":[{\"containerPort\":80,\"hostPort\":80,\"protocol\":\"tcp\"}],\"volumesFrom\":[]},{\"cpu\":10,\"environment\":[{\"name\":\"MYSQL_ROOT_PASSWORD\",\"value\":\"password\"}],\"essential\":true,\"image\":\"mysql\",\"memory\":500,\"mountPoints\":[],\"name\":\"mysql\",\"portMappings\":[],\"volumesFrom\":[]}]",
                            "cpu": "",
                            "execution_role_arn": "",
                            "family": "hello_world",
                            "id": "hello_world",
                            "memory": "",
                            "network_mode": "",
                            "placement_constraints.#": "0",
                            "requires_compatibilities.#": "0",
                            "revision": "1",
                            "task_role_arn": "",
                            "volume.#": "0"
                        },
                        "meta": {
                            "schema_version": "1"
                        },
                        "tainted": false
                    },
                    "deposed": [],
                    "provider": "provider.aws"
                },
                "aws_iam_instance_profile.ecs-instance-profile": {
                    "type": "aws_iam_instance_profile",
                    "depends_on": [
                        "aws_iam_role.ecs-instance-role"
                    ],
                    "primary": {
                        "id": "ecs-instance-profile",
                        "attributes": {
                            "arn": "arn:aws:iam::231787882062:instance-profile/ecs-instance-profile",
                            "create_date": "2018-10-04T18:23:48Z",
                            "id": "ecs-instance-profile",
                            "name": "ecs-instance-profile",
                            "path": "/",
                            "role": "ecs-instance-role",
                            "roles.#": "1",
                            "roles.3231179920": "ecs-instance-role",
                            "unique_id": "AIPAIUXILZA7MBAMATBMU"
                        },
                        "meta": {},
                        "tainted": false
                    },
                    "deposed": [],
                    "provider": "provider.aws"
                },
                "aws_iam_role.ecs-instance-role": {
                    "type": "aws_iam_role",
                    "depends_on": [
                        "data.aws_iam_policy_document.ecs-instance-policy"
                    ],
                    "primary": {
                        "id": "ecs-instance-role",
                        "attributes": {
                            "arn": "arn:aws:iam::231787882062:role/ecs-instance-role",
                            "assume_role_policy": "{\"Version\":\"2012-10-17\",\"Statement\":[{\"Sid\":\"\",\"Effect\":\"Allow\",\"Principal\":{\"Service\":\"ec2.amazonaws.com\"},\"Action\":\"sts:AssumeRole\"}]}",
                            "create_date": "2018-10-04T18:23:48Z",
                            "description": "",
                            "force_detach_policies": "false",
                            "id": "ecs-instance-role",
                            "max_session_duration": "3600",
                            "name": "ecs-instance-role",
                            "path": "/",
                            "unique_id": "AROAIVCXBS7HA53CLZI5E"
                        },
                        "meta": {},
                        "tainted": false
                    },
                    "deposed": [],
                    "provider": "provider.aws"
                },
                "aws_iam_role.ecs-service-role": {
                    "type": "aws_iam_role",
                    "depends_on": [
                        "data.aws_iam_policy_document.ecs-service-policy"
                    ],
                    "primary": {
                        "id": "ecs-service-role",
                        "attributes": {
                            "arn": "arn:aws:iam::231787882062:role/ecs-service-role",
                            "assume_role_policy": "{\"Version\":\"2012-10-17\",\"Statement\":[{\"Sid\":\"\",\"Effect\":\"Allow\",\"Principal\":{\"Service\":\"ecs.amazonaws.com\"},\"Action\":\"sts:AssumeRole\"}]}",
                            "create_date": "2018-10-04T18:23:48Z",
                            "description": "",
                            "force_detach_policies": "false",
                            "id": "ecs-service-role",
                            "max_session_duration": "3600",
                            "name": "ecs-service-role",
                            "path": "/",
                            "unique_id": "AROAJWRNCII6SC5GOKPDS"
                        },
                        "meta": {},
                        "tainted": false
                    },
                    "deposed": [],
                    "provider": "provider.aws"
                },
                "aws_iam_role_policy_attachment.ecs-instance-role-attachment": {
                    "type": "aws_iam_role_policy_attachment",
                    "depends_on": [
                        "aws_iam_role.ecs-instance-role"
                    ],
                    "primary": {
                        "id": "ecs-instance-role-20181004182348822800000002",
                        "attributes": {
                            "id": "ecs-instance-role-20181004182348822800000002",
                            "policy_arn": "arn:aws:iam::aws:policy/service-role/AmazonEC2ContainerServiceforEC2Role",
                            "role": "ecs-instance-role"
                        },
                        "meta": {},
                        "tainted": false
                    },
                    "deposed": [],
                    "provider": "provider.aws"
                },
                "aws_iam_role_policy_attachment.ecs-service-role-attachment": {
                    "type": "aws_iam_role_policy_attachment",
                    "depends_on": [
                        "aws_iam_role.ecs-service-role"
                    ],
                    "primary": {
                        "id": "ecs-service-role-20181004182348817400000001",
                        "attributes": {
                            "id": "ecs-service-role-20181004182348817400000001",
                            "policy_arn": "arn:aws:iam::aws:policy/service-role/AmazonEC2ContainerServiceRole",
                            "role": "ecs-service-role"
                        },
                        "meta": {},
                        "tainted": false
                    },
                    "deposed": [],
                    "provider": "provider.aws"
                },
                "aws_internet_gateway.test_ig": {
                    "type": "aws_internet_gateway",
                    "depends_on": [
                        "aws_vpc.test_vpc"
                    ],
                    "primary": {
                        "id": "igw-04067d1ec90c2eba4",
                        "attributes": {
                            "id": "igw-04067d1ec90c2eba4",
                            "tags.%": "1",
                            "tags.Name": "test_ig",
                            "vpc_id": "vpc-05c8bfe8b2dfe433e"
                        },
                        "meta": {},
                        "tainted": false
                    },
                    "deposed": [],
                    "provider": "provider.aws"
                },
                "aws_launch_configuration.ecs-launch-configuration": {
                    "type": "aws_launch_configuration",
                    "depends_on": [
                        "aws_iam_instance_profile.ecs-instance-profile",
                        "aws_security_group.test_public_sg"
                    ],
                    "primary": {
                        "id": "ecs-launch-configuration",
                        "attributes": {
                            "associate_public_ip_address": "true",
                            "ebs_block_device.#": "0",
                            "ebs_optimized": "false",
                            "enable_monitoring": "true",
                            "ephemeral_block_device.#": "0",
                            "iam_instance_profile": "ecs-instance-profile",
                            "id": "ecs-launch-configuration",
                            "image_id": "ami-fad25980",
                            "instance_type": "t2.micro",
                            "key_name": "epen2_nonprod",
                            "name": "ecs-launch-configuration",
                            "root_block_device.#": "1",
                            "root_block_device.0.delete_on_termination": "true",
                            "root_block_device.0.iops": "0",
                            "root_block_device.0.volume_size": "100",
                            "root_block_device.0.volume_type": "standard",
                            "security_groups.#": "1",
                            "security_groups.1669735316": "sg-0013cbdb291433a45",
                            "spot_price": "",
                            "user_data": "92e545a0609287f4e42b26444dbfcef05cf74726",
                            "vpc_classic_link_id": "",
                            "vpc_classic_link_security_groups.#": "0"
                        },
                        "meta": {},
                        "tainted": false
                    },
                    "deposed": [],
                    "provider": "provider.aws"
                },
                "aws_route_table.test_public_sn_rt_01": {
                    "type": "aws_route_table",
                    "depends_on": [
                        "aws_internet_gateway.test_ig",
                        "aws_vpc.test_vpc"
                    ],
                    "primary": {
                        "id": "rtb-0234456cf339341bb",
                        "attributes": {
                            "id": "rtb-0234456cf339341bb",
                            "propagating_vgws.#": "0",
                            "route.#": "1",
                            "route.203161337.cidr_block": "0.0.0.0/0",
                            "route.203161337.egress_only_gateway_id": "",
                            "route.203161337.gateway_id": "igw-04067d1ec90c2eba4",
                            "route.203161337.instance_id": "",
                            "route.203161337.ipv6_cidr_block": "",
                            "route.203161337.nat_gateway_id": "",
                            "route.203161337.network_interface_id": "",
                            "route.203161337.vpc_peering_connection_id": "",
                            "tags.%": "1",
                            "tags.Name": "test_public_sn_rt_01",
                            "vpc_id": "vpc-05c8bfe8b2dfe433e"
                        },
                        "meta": {},
                        "tainted": false
                    },
                    "deposed": [],
                    "provider": "provider.aws"
                },
                "aws_route_table.test_public_sn_rt_02": {
                    "type": "aws_route_table",
                    "depends_on": [
                        "aws_internet_gateway.test_ig",
                        "aws_vpc.test_vpc"
                    ],
                    "primary": {
                        "id": "rtb-083428ef821bcda98",
                        "attributes": {
                            "id": "rtb-083428ef821bcda98",
                            "propagating_vgws.#": "0",
                            "route.#": "1",
                            "route.203161337.cidr_block": "0.0.0.0/0",
                            "route.203161337.egress_only_gateway_id": "",
                            "route.203161337.gateway_id": "igw-04067d1ec90c2eba4",
                            "route.203161337.instance_id": "",
                            "route.203161337.ipv6_cidr_block": "",
                            "route.203161337.nat_gateway_id": "",
                            "route.203161337.network_interface_id": "",
                            "route.203161337.vpc_peering_connection_id": "",
                            "tags.%": "1",
                            "tags.Name": "test_public_sn_rt_02",
                            "vpc_id": "vpc-05c8bfe8b2dfe433e"
                        },
                        "meta": {},
                        "tainted": false
                    },
                    "deposed": [],
                    "provider": "provider.aws"
                },
                "aws_route_table_association.test_public_sn_rt_assn_02": {
                    "type": "aws_route_table_association",
                    "depends_on": [
                        "aws_route_table.test_public_sn_rt_02",
                        "aws_subnet.test_public_sn_02"
                    ],
                    "primary": {
                        "id": "rtbassoc-0bea628bc7faf5811",
                        "attributes": {
                            "id": "rtbassoc-0bea628bc7faf5811",
                            "route_table_id": "rtb-083428ef821bcda98",
                            "subnet_id": "subnet-0ddb0506e2ef66390"
                        },
                        "meta": {},
                        "tainted": false
                    },
                    "deposed": [],
                    "provider": "provider.aws"
                },
                "aws_security_group.test_public_sg": {
                    "type": "aws_security_group",
                    "depends_on": [
                        "aws_vpc.test_vpc"
                    ],
                    "primary": {
                        "id": "sg-050c1c923e33cb638",
                        "attributes": {
                            "arn": "arn:aws:ec2:us-east-1:231787882062:security-group/sg-050c1c923e33cb638",
                            "description": "Test public access security group",
                            "egress.#": "1",
                            "egress.482069346.cidr_blocks.#": "1",
                            "egress.482069346.cidr_blocks.0": "0.0.0.0/0",
                            "egress.482069346.description": "",
                            "egress.482069346.from_port": "0",
                            "egress.482069346.ipv6_cidr_blocks.#": "0",
                            "egress.482069346.prefix_list_ids.#": "0",
                            "egress.482069346.protocol": "-1",
                            "egress.482069346.security_groups.#": "0",
                            "egress.482069346.self": "false",
                            "egress.482069346.to_port": "0",
                            "id": "sg-050c1c923e33cb638",
                            "ingress.#": "4",
                            "ingress.1485902453.cidr_blocks.#": "1",
                            "ingress.1485902453.cidr_blocks.0": "10.0.0.0/16",
                            "ingress.1485902453.description": "",
                            "ingress.1485902453.from_port": "0",
                            "ingress.1485902453.ipv6_cidr_blocks.#": "0",
                            "ingress.1485902453.prefix_list_ids.#": "0",
                            "ingress.1485902453.protocol": "tcp",
                            "ingress.1485902453.security_groups.#": "0",
                            "ingress.1485902453.self": "false",
                            "ingress.1485902453.to_port": "0",
                            "ingress.2214680975.cidr_blocks.#": "1",
                            "ingress.2214680975.cidr_blocks.0": "0.0.0.0/0",
                            "ingress.2214680975.description": "",
                            "ingress.2214680975.from_port": "80",
                            "ingress.2214680975.ipv6_cidr_blocks.#": "0",
                            "ingress.2214680975.prefix_list_ids.#": "0",
                            "ingress.2214680975.protocol": "tcp",
                            "ingress.2214680975.security_groups.#": "0",
                            "ingress.2214680975.self": "false",
                            "ingress.2214680975.to_port": "80",
                            "ingress.2541437006.cidr_blocks.#": "1",
                            "ingress.2541437006.cidr_blocks.0": "0.0.0.0/0",
                            "ingress.2541437006.description": "",
                            "ingress.2541437006.from_port": "22",
                            "ingress.2541437006.ipv6_cidr_blocks.#": "0",
                            "ingress.2541437006.prefix_list_ids.#": "0",
                            "ingress.2541437006.protocol": "tcp",
                            "ingress.2541437006.security_groups.#": "0",
                            "ingress.2541437006.self": "false",
                            "ingress.2541437006.to_port": "22",
                            "ingress.516175195.cidr_blocks.#": "1",
                            "ingress.516175195.cidr_blocks.0": "0.0.0.0/0",
                            "ingress.516175195.description": "",
                            "ingress.516175195.from_port": "8080",
                            "ingress.516175195.ipv6_cidr_blocks.#": "0",
                            "ingress.516175195.prefix_list_ids.#": "0",
                            "ingress.516175195.protocol": "tcp",
                            "ingress.516175195.security_groups.#": "0",
                            "ingress.516175195.self": "false",
                            "ingress.516175195.to_port": "8080",
                            "name": "test_public_sg",
                            "owner_id": "231787882062",
                            "revoke_rules_on_delete": "false",
                            "tags.%": "1",
                            "tags.Name": "test_public_sg",
                            "vpc_id": "vpc-05c8bfe8b2dfe433e"
                        },
                        "meta": {
                            "e2bfb730-ecaa-11e6-8f88-34363bc7c4c0": {
                                "create": 600000000000,
                                "delete": 600000000000
                            },
                            "schema_version": "1"
                        },
                        "tainted": false
                    },
                    "deposed": [
                        {
                            "id": "sg-0013cbdb291433a45",
                            "attributes": {
                                "arn": "arn:aws:ec2:us-east-1:231787882062:security-group/sg-0013cbdb291433a45",
                                "description": "Test public access security group",
                                "egress.#": "1",
                                "egress.482069346.cidr_blocks.#": "1",
                                "egress.482069346.cidr_blocks.0": "0.0.0.0/0",
                                "egress.482069346.description": "",
                                "egress.482069346.from_port": "0",
                                "egress.482069346.ipv6_cidr_blocks.#": "0",
                                "egress.482069346.prefix_list_ids.#": "0",
                                "egress.482069346.protocol": "-1",
                                "egress.482069346.security_groups.#": "0",
                                "egress.482069346.self": "false",
                                "egress.482069346.to_port": "0",
                                "id": "sg-0013cbdb291433a45",
                                "ingress.#": "3",
                                "ingress.2214680975.cidr_blocks.#": "1",
                                "ingress.2214680975.cidr_blocks.0": "0.0.0.0/0",
                                "ingress.2214680975.description": "",
                                "ingress.2214680975.from_port": "80",
                                "ingress.2214680975.ipv6_cidr_blocks.#": "0",
                                "ingress.2214680975.prefix_list_ids.#": "0",
                                "ingress.2214680975.protocol": "tcp",
                                "ingress.2214680975.security_groups.#": "0",
                                "ingress.2214680975.self": "false",
                                "ingress.2214680975.to_port": "80",
                                "ingress.3863194196.cidr_blocks.#": "1",
                                "ingress.3863194196.cidr_blocks.0": "10.16.0.0/24",
                                "ingress.3863194196.description": "",
                                "ingress.3863194196.from_port": "0",
                                "ingress.3863194196.ipv6_cidr_blocks.#": "0",
                                "ingress.3863194196.prefix_list_ids.#": "0",
                                "ingress.3863194196.protocol": "tcp",
                                "ingress.3863194196.security_groups.#": "0",
                                "ingress.3863194196.self": "false",
                                "ingress.3863194196.to_port": "0",
                                "ingress.516175195.cidr_blocks.#": "1",
                                "ingress.516175195.cidr_blocks.0": "0.0.0.0/0",
                                "ingress.516175195.description": "",
                                "ingress.516175195.from_port": "8080",
                                "ingress.516175195.ipv6_cidr_blocks.#": "0",
                                "ingress.516175195.prefix_list_ids.#": "0",
                                "ingress.516175195.protocol": "tcp",
                                "ingress.516175195.security_groups.#": "0",
                                "ingress.516175195.self": "false",
                                "ingress.516175195.to_port": "8080",
                                "name": "test_public_sg",
                                "owner_id": "231787882062",
                                "revoke_rules_on_delete": "false",
                                "tags.%": "1",
                                "tags.Name": "test_public_sg",
                                "vpc_id": "vpc-0a9668081be71253b"
                            },
                            "meta": {
                                "e2bfb730-ecaa-11e6-8f88-34363bc7c4c0": {
                                    "create": 600000000000,
                                    "delete": 600000000000
                                },
                                "schema_version": "1"
                            },
                            "tainted": false
                        }
                    ],
                    "provider": "provider.aws"
                },
                "aws_subnet.test_public_sn_02": {
                    "type": "aws_subnet",
                    "depends_on": [
                        "aws_vpc.test_vpc",
                        "data.aws_availability_zones.available"
                    ],
                    "primary": {
                        "id": "subnet-0ddb0506e2ef66390",
                        "attributes": {
                            "arn": "arn:aws:ec2:us-east-1:231787882062:subnet/subnet-0ddb0506e2ef66390",
                            "assign_ipv6_address_on_creation": "false",
                            "availability_zone": "us-east-1b",
                            "cidr_block": "10.0.0.0/16",
                            "id": "subnet-0ddb0506e2ef66390",
                            "map_public_ip_on_launch": "false",
                            "tags.%": "1",
                            "tags.Name": "test_public_sn_02",
                            "vpc_id": "vpc-05c8bfe8b2dfe433e"
                        },
                        "meta": {
                            "e2bfb730-ecaa-11e6-8f88-34363bc7c4c0": {
                                "create": 600000000000,
                                "delete": 600000000000
                            },
                            "schema_version": "1"
                        },
                        "tainted": false
                    },
                    "deposed": [],
                    "provider": "provider.aws"
                },
                "aws_vpc.test_vpc": {
                    "type": "aws_vpc",
                    "depends_on": [],
                    "primary": {
                        "id": "vpc-05c8bfe8b2dfe433e",
                        "attributes": {
                            "arn": "arn:aws:ec2:us-east-1:231787882062:vpc/vpc-05c8bfe8b2dfe433e",
                            "assign_generated_ipv6_cidr_block": "false",
                            "cidr_block": "10.0.0.0/16",
                            "default_network_acl_id": "acl-099d68d478e3b3ff7",
                            "default_route_table_id": "rtb-00407599eb156d547",
                            "default_security_group_id": "sg-08e1f01e210723b30",
                            "dhcp_options_id": "dopt-329a2d4a",
                            "enable_classiclink": "false",
                            "enable_classiclink_dns_support": "false",
                            "enable_dns_hostnames": "false",
                            "enable_dns_support": "true",
                            "id": "vpc-05c8bfe8b2dfe433e",
                            "instance_tenancy": "default",
                            "main_route_table_id": "rtb-00407599eb156d547",
                            "tags.%": "1",
                            "tags.Name": "star-vpc"
                        },
                        "meta": {
                            "schema_version": "1"
                        },
                        "tainted": false
                    },
                    "deposed": [
                        {
                            "id": "vpc-0a9668081be71253b",
                            "attributes": {
                                "arn": "arn:aws:ec2:us-east-1:231787882062:vpc/vpc-0a9668081be71253b",
                                "assign_generated_ipv6_cidr_block": "false",
                                "cidr_block": "10.16.0.0/24",
                                "default_network_acl_id": "acl-0e6396ef3b9c537b9",
                                "default_route_table_id": "rtb-0d30066424af3e8e8",
                                "default_security_group_id": "sg-0f50457eb1b9dd53c",
                                "dhcp_options_id": "dopt-329a2d4a",
                                "enable_classiclink": "false",
                                "enable_classiclink_dns_support": "false",
                                "enable_dns_hostnames": "false",
                                "enable_dns_support": "true",
                                "id": "vpc-0a9668081be71253b",
                                "instance_tenancy": "default",
                                "main_route_table_id": "rtb-0d30066424af3e8e8",
                                "tags.%": "1",
                                "tags.Name": "star-vpc"
                            },
                            "meta": {
                                "schema_version": "1"
                            },
                            "tainted": false
                        }
                    ],
                    "provider": "provider.aws"
                },
                "data.aws_availability_zones.available": {
                    "type": "aws_availability_zones",
                    "depends_on": [],
                    "primary": {
                        "id": "2018-10-04 18:28:59.386124 +0000 UTC",
                        "attributes": {
                            "id": "2018-10-04 18:28:59.386124 +0000 UTC",
                            "names.#": "6",
                            "names.0": "us-east-1a",
                            "names.1": "us-east-1b",
                            "names.2": "us-east-1c",
                            "names.3": "us-east-1d",
                            "names.4": "us-east-1e",
                            "names.5": "us-east-1f"
                        },
                        "meta": {},
                        "tainted": false
                    },
                    "deposed": [],
                    "provider": "provider.aws"
                },
                "data.aws_ecs_task_definition.star-app": {
                    "type": "aws_ecs_task_definition",
                    "depends_on": [
                        "aws_ecs_task_definition.star-app"
                    ],
                    "primary": {
                        "id": "arn:aws:ecs:us-east-1:231787882062:task-definition/hello_world:1",
                        "attributes": {
                            "family": "hello_world",
                            "id": "arn:aws:ecs:us-east-1:231787882062:task-definition/hello_world:1",
                            "network_mode": "",
                            "revision": "1",
                            "status": "ACTIVE",
                            "task_definition": "hello_world",
                            "task_role_arn": ""
                        },
                        "meta": {},
                        "tainted": false
                    },
                    "deposed": [],
                    "provider": "provider.aws"
                },
                "data.aws_iam_policy_document.ecs-instance-policy": {
                    "type": "aws_iam_policy_document",
                    "depends_on": [],
                    "primary": {
                        "id": "1903849331",
                        "attributes": {
                            "id": "1903849331",
                            "json": "{\n  \"Version\": \"2012-10-17\",\n  \"Statement\": [\n    {\n      \"Sid\": \"\",\n      \"Effect\": \"Allow\",\n      \"Action\": \"sts:AssumeRole\",\n      \"Principal\": {\n        \"Service\": \"ec2.amazonaws.com\"\n      }\n    }\n  ]\n}",
                            "statement.#": "1",
                            "statement.0.actions.#": "1",
                            "statement.0.actions.2528466339": "sts:AssumeRole",
                            "statement.0.condition.#": "0",
                            "statement.0.effect": "Allow",
                            "statement.0.not_actions.#": "0",
                            "statement.0.not_principals.#": "0",
                            "statement.0.not_resources.#": "0",
                            "statement.0.principals.#": "1",
                            "statement.0.principals.1134724139.identifiers.#": "1",
                            "statement.0.principals.1134724139.identifiers.3655884555": "ec2.amazonaws.com",
                            "statement.0.principals.1134724139.type": "Service",
                            "statement.0.resources.#": "0",
                            "statement.0.sid": ""
                        },
                        "meta": {},
                        "tainted": false
                    },
                    "deposed": [],
                    "provider": "provider.aws"
                },
                "data.aws_iam_policy_document.ecs-service-policy": {
                    "type": "aws_iam_policy_document",
                    "depends_on": [],
                    "primary": {
                        "id": "3622649364",
                        "attributes": {
                            "id": "3622649364",
                            "json": "{\n  \"Version\": \"2012-10-17\",\n  \"Statement\": [\n    {\n      \"Sid\": \"\",\n      \"Effect\": \"Allow\",\n      \"Action\": \"sts:AssumeRole\",\n      \"Principal\": {\n        \"Service\": \"ecs.amazonaws.com\"\n      }\n    }\n  ]\n}",
                            "statement.#": "1",
                            "statement.0.actions.#": "1",
                            "statement.0.actions.2528466339": "sts:AssumeRole",
                            "statement.0.condition.#": "0",
                            "statement.0.effect": "Allow",
                            "statement.0.not_actions.#": "0",
                            "statement.0.not_principals.#": "0",
                            "statement.0.not_resources.#": "0",
                            "statement.0.principals.#": "1",
                            "statement.0.principals.1113412664.identifiers.#": "1",
                            "statement.0.principals.1113412664.identifiers.1509832800": "ecs.amazonaws.com",
                            "statement.0.principals.1113412664.type": "Service",
                            "statement.0.resources.#": "0",
                            "statement.0.sid": ""
                        },
                        "meta": {},
                        "tainted": false
                    },
                    "deposed": [],
                    "provider": "provider.aws"
                }
            },
            "depends_on": []
        }
    ]
}
